// !$*UTF8*$!
{
	archiveVersion = 1;
	classes = {
	};
	objectVersion = 46;
	objects = {

/* Begin PBXBuildFile section */
		E61071F91DE2D01700BCDDFA /* WaterWaveView.m in Sources */ = {isa = PBXBuildFile; fileRef = E61071F81DE2D01700BCDDFA /* WaterWaveView.m */; };
		E6309B7E1DDEEC41005D59FB /* main.m in Sources */ = {isa = PBXBuildFile; fileRef = E6309B7D1DDEEC41005D59FB /* main.m */; };
		E6309B811DDEEC41005D59FB /* AppDelegate.m in Sources */ = {isa = PBXBuildFile; fileRef = E6309B801DDEEC41005D59FB /* AppDelegate.m */; };
		E6309B841DDEEC41005D59FB /* ViewController.m in Sources */ = {isa = PBXBuildFile; fileRef = E6309B831DDEEC41005D59FB /* ViewController.m */; };
		E6309B871DDEEC41005D59FB /* Main.storyboard in Resources */ = {isa = PBXBuildFile; fileRef = E6309B851DDEEC41005D59FB /* Main.storyboard */; };
		E6309B891DDEEC41005D59FB /* Assets.xcassets in Resources */ = {isa = PBXBuildFile; fileRef = E6309B881DDEEC41005D59FB /* Assets.xcassets */; };
		E6309B8C1DDEEC41005D59FB /* LaunchScreen.storyboard in Resources */ = {isa = PBXBuildFile; fileRef = E6309B8A1DDEEC41005D59FB /* LaunchScreen.storyboard */; };
		E6309B971DDEEC41005D59FB /* WaterWaveTests.m in Sources */ = {isa = PBXBuildFile; fileRef = E6309B961DDEEC41005D59FB /* WaterWaveTests.m */; };
		E6309BA21DDEEC41005D59FB /* WaterWaveUITests.m in Sources */ = {isa = PBXBuildFile; fileRef = E6309BA11DDEEC41005D59FB /* WaterWaveUITests.m */; };
		E6309BB11DDEEC69005D59FB /* WaterWaveLayer.m in Sources */ = {isa = PBXBuildFile; fileRef = E6309BB01DDEEC69005D59FB /* WaterWaveLayer.m */; };
/* End PBXBuildFile section */

/* Begin PBXContainerItemProxy section */
		E6309B931DDEEC41005D59FB /* PBXContainerItemProxy */ = {
			isa = PBXContainerItemProxy;
			containerPortal = E6309B711DDEEC41005D59FB /* Project object */;
			proxyType = 1;
			remoteGlobalIDString = E6309B781DDEEC41005D59FB;
			remoteInfo = WaterWave;
		};
		E6309B9E1DDEEC41005D59FB /* PBXContainerItemProxy */ = {
			isa = PBXContainerItemProxy;
			containerPortal = E6309B711DDEEC41005D59FB /* Project object */;
			proxyType = 1;
			remoteGlobalIDString = E6309B781DDEEC41005D59FB;
			remoteInfo = WaterWave;
		};
/* End PBXContainerItemProxy section */

/* Begin PBXFileReference section */
		E61071F71DE2D01700BCDDFA /* WaterWaveView.h */ = {isa = PBXFileReference; fileEncoding = 4; lastKnownFileType = sourcecode.c.h; path = WaterWaveView.h; sourceTree = "<group>"; };
		E61071F81DE2D01700BCDDFA /* WaterWaveView.m */ = {isa = PBXFileReference; fileEncoding = 4; lastKnownFileType = sourcecode.c.objc; path = WaterWaveView.m; sourceTree = "<group>"; };
		E6309B791DDEEC41005D59FB /* WaterWave.app */ = {isa = PBXFileReference; explicitFileType = wrapper.application; includeInIndex = 0; path = WaterWave.app; sourceTree = BUILT_PRODUCTS_DIR; };
		E6309B7D1DDEEC41005D59FB /* main.m */ = {isa = PBXFileReference; lastKnownFileType = sourcecode.c.objc; path = main.m; sourceTree = "<group>"; };
		E6309B7F1DDEEC41005D59FB /* AppDelegate.h */ = {isa = PBXFileReference; lastKnownFileType = sourcecode.c.h; path = AppDelegate.h; sourceTree = "<group>"; };
		E6309B801DDEEC41005D59FB /* AppDelegate.m */ = {isa = PBXFileReference; lastKnownFileType = sourcecode.c.objc; path = AppDelegate.m; sourceTree = "<group>"; };
		E6309B821DDEEC41005D59FB /* ViewController.h */ = {isa = PBXFileReference; lastKnownFileType = sourcecode.c.h; path = ViewController.h; sourceTree = "<group>"; };
		E6309B831DDEEC41005D59FB /* ViewController.m */ = {isa = PBXFileReference; lastKnownFileType = sourcecode.c.objc; path = ViewController.m; sourceTree = "<group>"; };
		E6309B861DDEEC41005D59FB /* Base */ = {isa = PBXFileReference; lastKnownFileType = file.storyboard; name = Base; path = Base.lproj/Main.storyboard; sourceTree = "<group>"; };
		E6309B881DDEEC41005D59FB /* Assets.xcassets */ = {isa = PBXFileReference; lastKnownFileType = folder.assetcatalog; path = Assets.xcassets; sourceTree = "<group>"; };
		E6309B8B1DDEEC41005D59FB /* Base */ = {isa = PBXFileReference; lastKnownFileType = file.storyboard; name = Base; path = Base.lproj/LaunchScreen.storyboard; sourceTree = "<group>"; };
		E6309B8D1DDEEC41005D59FB /* Info.plist */ = {isa = PBXFileReference; lastKnownFileType = text.plist.xml; path = Info.plist; sourceTree = "<group>"; };
		E6309B921DDEEC41005D59FB /* WaterWaveTests.xctest */ = {isa = PBXFileReference; explicitFileType = wrapper.cfbundle; includeInIndex = 0; path = WaterWaveTests.xctest; sourceTree = BUILT_PRODUCTS_DIR; };
		E6309B961DDEEC41005D59FB /* WaterWaveTests.m */ = {isa = PBXFileReference; lastKnownFileType = sourcecode.c.objc; path = WaterWaveTests.m; sourceTree = "<group>"; };
		E6309B981DDEEC41005D59FB /* Info.plist */ = {isa = PBXFileReference; lastKnownFileType = text.plist.xml; path = Info.plist; sourceTree = "<group>"; };
		E6309B9D1DDEEC41005D59FB /* WaterWaveUITests.xctest */ = {isa = PBXFileReference; explicitFileType = wrapper.cfbundle; includeInIndex = 0; path = WaterWaveUITests.xctest; sourceTree = BUILT_PRODUCTS_DIR; };
		E6309BA11DDEEC41005D59FB /* WaterWaveUITests.m */ = {isa = PBXFileReference; lastKnownFileType = sourcecode.c.objc; path = WaterWaveUITests.m; sourceTree = "<group>"; };
		E6309BA31DDEEC41005D59FB /* Info.plist */ = {isa = PBXFileReference; lastKnownFileType = text.plist.xml; path = Info.plist; sourceTree = "<group>"; };
		E6309BAF1DDEEC69005D59FB /* WaterWaveLayer.h */ = {isa = PBXFileReference; fileEncoding = 4; lastKnownFileType = sourcecode.c.h; path = WaterWaveLayer.h; sourceTree = "<group>"; };
		E6309BB01DDEEC69005D59FB /* WaterWaveLayer.m */ = {isa = PBXFileReference; fileEncoding = 4; lastKnownFileType = sourcecode.c.objc; path = WaterWaveLayer.m; sourceTree = "<group>"; };
/* End PBXFileReference section */

/* Begin PBXFrameworksBuildPhase section */
		E6309B761DDEEC41005D59FB /* Frameworks */ = {
			isa = PBXFrameworksBuildPhase;
			buildActionMask = 2147483647;
			files = (
			);
			runOnlyForDeploymentPostprocessing = 0;
		};
		E6309B8F1DDEEC41005D59FB /* Frameworks */ = {
			isa = PBXFrameworksBuildPhase;
			buildActionMask = 2147483647;
			files = (
			);
			runOnlyForDeploymentPostprocessing = 0;
		};
		E6309B9A1DDEEC41005D59FB /* Frameworks */ = {
			isa = PBXFrameworksBuildPhase;
			buildActionMask = 2147483647;
			files = (
			);
			runOnlyForDeploymentPostprocessing = 0;
		};
/* End PBXFrameworksBuildPhase section */

/* Begin PBXGroup section */
		E6309B701DDEEC41005D59FB = {
			isa = PBXGroup;
			children = (
				E6309B7B1DDEEC41005D59FB /* WaterWave */,
				E6309B951DDEEC41005D59FB /* WaterWaveTests */,
				E6309BA01DDEEC41005D59FB /* WaterWaveUITests */,
				E6309B7A1DDEEC41005D59FB /* Products */,
			);
			sourceTree = "<group>";
		};
		E6309B7A1DDEEC41005D59FB /* Products */ = {
			isa = PBXGroup;
			children = (
				E6309B791DDEEC41005D59FB /* WaterWave.app */,
				E6309B921DDEEC41005D59FB /* WaterWaveTests.xctest */,
				E6309B9D1DDEEC41005D59FB /* WaterWaveUITests.xctest */,
			);
			name = Products;
			sourceTree = "<group>";
		};
		E6309B7B1DDEEC41005D59FB /* WaterWave */ = {
			isa = PBXGroup;
			children = (
				E6309B7F1DDEEC41005D59FB /* AppDelegate.h */,
				E6309B801DDEEC41005D59FB /* AppDelegate.m */,
				E6309B821DDEEC41005D59FB /* ViewController.h */,
				E6309B831DDEEC41005D59FB /* ViewController.m */,
				E61071F71DE2D01700BCDDFA /* WaterWaveView.h */,
				E61071F81DE2D01700BCDDFA /* WaterWaveView.m */,
				E6309BAF1DDEEC69005D59FB /* WaterWaveLayer.h */,
				E6309BB01DDEEC69005D59FB /* WaterWaveLayer.m */,
				E6309B851DDEEC41005D59FB /* Main.storyboard */,
				E6309B881DDEEC41005D59FB /* Assets.xcassets */,
				E6309B8A1DDEEC41005D59FB /* LaunchScreen.storyboard */,
				E6309B8D1DDEEC41005D59FB /* Info.plist */,
				E6309B7C1DDEEC41005D59FB /* Supporting Files */,
			);
			path = WaterWave;
			sourceTree = "<group>";
		};
		E6309B7C1DDEEC41005D59FB /* Supporting Files */ = {
			isa = PBXGroup;
			children = (
				E6309B7D1DDEEC41005D59FB /* main.m */,
			);
			name = "Supporting Files";
			sourceTree = "<group>";
		};
		E6309B951DDEEC41005D59FB /* WaterWaveTests */ = {
			isa = PBXGroup;
			children = (
				E6309B961DDEEC41005D59FB /* WaterWaveTests.m */,
				E6309B981DDEEC41005D59FB /* Info.plist */,
			);
			path = WaterWaveTests;
			sourceTree = "<group>";
		};
		E6309BA01DDEEC41005D59FB /* WaterWaveUITests */ = {
			isa = PBXGroup;
			children = (
				E6309BA11DDEEC41005D59FB /* WaterWaveUITests.m */,
				E6309BA31DDEEC41005D59FB /* Info.plist */,
			);
			path = WaterWaveUITests;
			sourceTree = "<group>";
		};
/* End PBXGroup section */

/* Begin PBXNativeTarget section */
		E6309B781DDEEC41005D59FB /* WaterWave */ = {
			isa = PBXNativeTarget;
			buildConfigurationList = E6309BA61DDEEC41005D59FB /* Build configuration list for PBXNativeTarget "WaterWave" */;
			buildPhases = (
				E6309B751DDEEC41005D59FB /* Sources */,
				E6309B761DDEEC41005D59FB /* Frameworks */,
				E6309B771DDEEC41005D59FB /* Resources */,
			);
			buildRules = (
			);
			dependencies = (
			);
			name = WaterWave;
			productName = WaterWave;
			productReference = E6309B791DDEEC41005D59FB /* WaterWave.app */;
			productType = "com.apple.product-type.application";
		};
		E6309B911DDEEC41005D59FB /* WaterWaveTests */ = {
			isa = PBXNativeTarget;
			buildConfigurationList = E6309BA91DDEEC41005D59FB /* Build configuration list for PBXNativeTarget "WaterWaveTests" */;
			buildPhases = (
				E6309B8E1DDEEC41005D59FB /* Sources */,
				E6309B8F1DDEEC41005D59FB /* Frameworks */,
				E6309B901DDEEC41005D59FB /* Resources */,
			);
			buildRules = (
			);
			dependencies = (
				E6309B941DDEEC41005D59FB /* PBXTargetDependency */,
			);
			name = WaterWaveTests;
			productName = WaterWaveTests;
			productReference = E6309B921DDEEC41005D59FB /* WaterWaveTests.xctest */;
			productType = "com.apple.product-type.bundle.unit-test";
		};
		E6309B9C1DDEEC41005D59FB /* WaterWaveUITests */ = {
			isa = PBXNativeTarget;
			buildConfigurationList = E6309BAC1DDEEC41005D59FB /* Build configuration list for PBXNativeTarget "WaterWaveUITests" */;
			buildPhases = (
				E6309B991DDEEC41005D59FB /* Sources */,
				E6309B9A1DDEEC41005D59FB /* Frameworks */,
				E6309B9B1DDEEC41005D59FB /* Resources */,
			);
			buildRules = (
			);
			dependencies = (
				E6309B9F1DDEEC41005D59FB /* PBXTargetDependency */,
			);
			name = WaterWaveUITests;
			productName = WaterWaveUITests;
			productReference = E6309B9D1DDEEC41005D59FB /* WaterWaveUITests.xctest */;
			productType = "com.apple.product-type.bundle.ui-testing";
		};
/* End PBXNativeTarget section */

/* Begin PBXProject section */
		E6309B711DDEEC41005D59FB /* Project object */ = {
			isa = PBXProject;
			attributes = {
				LastUpgradeCheck = 0810;
				ORGANIZATIONNAME = hanlei;
				TargetAttributes = {
					E6309B781DDEEC41005D59FB = {
						CreatedOnToolsVersion = 8.1;
						ProvisioningStyle = Automatic;
					};
					E6309B911DDEEC41005D59FB = {
						CreatedOnToolsVersion = 8.1;
						ProvisioningStyle = Automatic;
						TestTargetID = E6309B781DDEEC41005D59FB;
					};
					E6309B9C1DDEEC41005D59FB = {
						CreatedOnToolsVersion = 8.1;
						ProvisioningStyle = Automatic;
						TestTargetID = E6309B781DDEEC41005D59FB;
					};
				};
			};
			buildConfigurationList = E6309B741DDEEC41005D59FB /* Build configuration list for PBXProject "WaterWave" */;
			compatibilityVersion = "Xcode 3.2";
			developmentRegion = English;
			hasScannedForEncodings = 0;
			knownRegions = (
				en,
				Base,
			);
			mainGroup = E6309B701DDEEC41005D59FB;
			productRefGroup = E6309B7A1DDEEC41005D59FB /* Products */;
			projectDirPath = "";
			projectRoot = "";
			targets = (
				E6309B781DDEEC41005D59FB /* WaterWave */,
				E6309B911DDEEC41005D59FB /* WaterWaveTests */,
				E6309B9C1DDEEC41005D59FB /* WaterWaveUITests */,
			);
		};
/* End PBXProject section */

/* Begin PBXResourcesBuildPhase section */
		E6309B771DDEEC41005D59FB /* Resources */ = {
			isa = PBXResourcesBuildPhase;
			buildActionMask = 2147483647;
			files = (
				E6309B8C1DDEEC41005D59FB /* LaunchScreen.storyboard in Resources */,
				E6309B891DDEEC41005D59FB /* Assets.xcassets in Resources */,
				E6309B871DDEEC41005D59FB /* Main.storyboard in Resources */,
			);
			runOnlyForDeploymentPostprocessing = 0;
		};
		E6309B901DDEEC41005D59FB /* Resources */ = {
			isa = PBXResourcesBuildPhase;
			buildActionMask = 2147483647;
			files = (
			);
			runOnlyForDeploymentPostprocessing = 0;
		};
		E6309B9B1DDEEC41005D59FB /* Resources */ = {
			isa = PBXResourcesBuildPhase;
			buildActionMask = 2147483647;
			files = (
			);
			runOnlyForDeploymentPostprocessing = 0;
		};
/* End PBXResourcesBuildPhase section */

/* Begin PBXSourcesBuildPhase section */
		E6309B751DDEEC41005D59FB /* Sources */ = {
			isa = PBXSourcesBuildPhase;
			buildActionMask = 2147483647;
			files = (
				E6309B841DDEEC41005D59FB /* ViewController.m in Sources */,
				E61071F91DE2D01700BCDDFA /* WaterWaveView.m in Sources */,
				E6309B811DDEEC41005D59FB /* AppDelegate.m in Sources */,
				E6309BB11DDEEC69005D59FB /* WaterWaveLayer.m in Sources */,
				E6309B7E1DDEEC41005D59FB /* main.m in Sources */,
			);
			runOnlyForDeploymentPostprocessing = 0;
		};
		E6309B8E1DDEEC41005D59FB /* Sources */ = {
			isa = PBXSourcesBuildPhase;
			buildActionMask = 2147483647;
			files = (
				E6309B971DDEEC41005D59FB /* WaterWaveTests.m in Sources */,
			);
			runOnlyForDeploymentPostprocessing = 0;
		};
		E6309B991DDEEC41005D59FB /* Sources */ = {
			isa = PBXSourcesBuildPhase;
			buildActionMask = 2147483647;
			files = (
				E6309BA21DDEEC41005D59FB /* WaterWaveUITests.m in Sources */,
			);
			runOnlyForDeploymentPostprocessing = 0;
		};
/* End PBXSourcesBuildPhase section */

/* Begin PBXTargetDependency section */
		E6309B941DDEEC41005D59FB /* PBXTargetDependency */ = {
			isa = PBXTargetDependency;
			target = E6309B781DDEEC41005D59FB /* WaterWave */;
			targetProxy = E6309B931DDEEC41005D59FB /* PBXContainerItemProxy */;
		};
		E6309B9F1DDEEC41005D59FB /* PBXTargetDependency */ = {
			isa = PBXTargetDependency;
			target = E6309B781DDEEC41005D59FB /* WaterWave */;
			targetProxy = E6309B9E1DDEEC41005D59FB /* PBXContainerItemProxy */;
		};
/* End PBXTargetDependency section */

/* Begin PBXVariantGroup section */
		E6309B851DDEEC41005D59FB /* Main.storyboard */ = {
			isa = PBXVariantGroup;
			children = (
				E6309B861DDEEC41005D59FB /* Base */,
			);
			name = Main.storyboard;
			sourceTree = "<group>";
		};
		E6309B8A1DDEEC41005D59FB /* LaunchScreen.storyboard */ = {
			isa = PBXVariantGroup;
			children = (
				E6309B8B1DDEEC41005D59FB /* Base */,
			);
			name = LaunchScreen.storyboard;
			sourceTree = "<group>";
		};
/* End PBXVariantGroup section */

/* Begin XCBuildConfiguration section */
		E6309BA41DDEEC41005D59FB /* Debug */ = {
			isa = XCBuildConfiguration;
			buildSettings = {
				ALWAYS_SEARCH_USER_PATHS = NO;
				CLANG_ANALYZER_NONNULL = YES;
				CLANG_CXX_LANGUAGE_STANDARD = "gnu++0x";
				CLANG_CXX_LIBRARY = "libc++";
				CLANG_ENABLE_MODULES = YES;
				CLANG_ENABLE_OBJC_ARC = YES;
				CLANG_WARN_BOOL_CONVERSION = YES;
				CLANG_WARN_CONSTANT_CONVERSION = YES;
				CLANG_WARN_DIRECT_OBJC_ISA_USAGE = YES_ERROR;
				CLANG_WARN_DOCUMENTATION_COMMENTS = YES;
				CLANG_WARN_EMPTY_BODY = YES;
				CLANG_WARN_ENUM_CONVERSION = YES;
				CLANG_WARN_INFINITE_RECURSION = YES;
				CLANG_WARN_INT_CONVERSION = YES;
				CLANG_WARN_OBJC_ROOT_CLASS = YES_ERROR;
				CLANG_WARN_SUSPICIOUS_MOVES = YES;
				CLANG_WARN_UNREACHABLE_CODE = YES;
				CLANG_WARN__DUPLICATE_METHOD_MATCH = YES;
				"CODE_SIGN_IDENTITY[sdk=iphoneos*]" = "iPhone Developer";
				COPY_PHASE_STRIP = NO;
				DEBUG_INFORMATION_FORMAT = dwarf;
				ENABLE_STRICT_OBJC_MSGSEND = YES;
				ENABLE_TESTABILITY = YES;
				GCC_C_LANGUAGE_STANDARD = gnu99;
				GCC_DYNAMIC_NO_PIC = NO;
				GCC_NO_COMMON_BLOCKS = YES;
				GCC_OPTIMIZATION_LEVEL = 0;
				GCC_PREPROCESSOR_DEFINITIONS = (
					"DEBUG=1",
					"$(inherited)",
				);
				GCC_WARN_64_TO_32_BIT_CONVERSION = YES;
				GCC_WARN_ABOUT_RETURN_TYPE = YES_ERROR;
				GCC_WARN_UNDECLARED_SELECTOR = YES;
				GCC_WARN_UNINITIALIZED_AUTOS = YES_AGGRESSIVE;
				GCC_WARN_UNUSED_FUNCTION = YES;
				GCC_WARN_UNUSED_VARIABLE = YES;
				IPHONEOS_DEPLOYMENT_TARGET = 10.1;
				MTL_ENABLE_DEBUG_INFO = YES;
				ONLY_ACTIVE_ARCH = YES;
				SDKROOT = iphoneos;
			};
			name = Debug;
		};
		E6309BA51DDEEC41005D59FB /* Release */ = {
			isa = XCBuildConfiguration;
			buildSettings = {
				ALWAYS_SEARCH_USER_PATHS = NO;
				CLANG_ANALYZER_NONNULL = YES;
				CLANG_CXX_LANGUAGE_STANDARD = "gnu++0x";
				CLANG_CXX_LIBRARY = "libc++";
				CLANG_ENABLE_MODULES = YES;
				CLANG_ENABLE_OBJC_ARC = YES;
				CLANG_WARN_BOOL_CONVERSION = YES;
				CLANG_WARN_CONSTANT_CONVERSION = YES;
				CLANG_WARN_DIRECT_OBJC_ISA_USAGE = YES_ERROR;
				CLANG_WARN_DOCUMENTATION_COMMENTS = YES;
				CLANG_WARN_EMPTY_BODY = YES;
				CLANG_WARN_ENUM_CONVERSION = YES;
				CLANG_WARN_INFINITE_RECURSION = YES;
				CLANG_WARN_INT_CONVERSION = YES;
				CLANG_WARN_OBJC_ROOT_CLASS = YES_ERROR;
				CLANG_WARN_SUSPICIOUS_MOVES = YES;
				CLANG_WARN_UNREACHABLE_CODE = YES;
				CLANG_WARN__DUPLICATE_METHOD_MATCH = YES;
				"CODE_SIGN_IDENTITY[sdk=iphoneos*]" = "iPhone Developer";
				COPY_PHASE_STRIP = NO;
				DEBUG_INFORMATION_FORMAT = "dwarf-with-dsym";
				ENABLE_NS_ASSERTIONS = NO;
				ENABLE_STRICT_OBJC_MSGSEND = YES;
				GCC_C_LANGUAGE_STANDARD = gnu99;
				GCC_NO_COMMON_BLOCKS = YES;
				GCC_WARN_64_TO_32_BIT_CONVERSION = YES;
				GCC_WARN_ABOUT_RETURN_TYPE = YES_ERROR;
				GCC_WARN_UNDECLARED_SELECTOR = YES;
				GCC_WARN_UNINITIALIZED_AUTOS = YES_AGGRESSIVE;
				GCC_WARN_UNUSED_FUNCTION = YES;
				GCC_WARN_UNUSED_VARIABLE = YES;
				IPHONEOS_DEPLOYMENT_TARGET = 10.1;
				MTL_ENABLE_DEBUG_INFO = NO;
				SDKROOT = iphoneos;
				VALIDATE_PRODUCT = YES;
			};
			name = Release;
		};
		E6309BA71DDEEC41005D59FB /* Debug */ = {
			isa = XCBuildConfiguration;
			buildSettings = {
				ASSETCATALOG_COMPILER_APPICON_NAME = AppIcon;
				INFOPLIST_FILE = WaterWave/Info.plist;
				LD_RUNPATH_SEARCH_PATHS = "$(inherited) @executable_path/Frameworks";
				PRODUCT_BUNDLE_IDENTIFIER = com.hanlei.WaterWave;
				PRODUCT_NAME = "$(TARGET_NAME)";
			};
			name = Debug;
		};
		E6309BA81DDEEC41005D59FB /* Release */ = {
			isa = XCBuildConfiguration;
			buildSettings = {
				ASSETCATALOG_COMPILER_APPICON_NAME = AppIcon;
				INFOPLIST_FILE = WaterWave/Info.plist;
				LD_RUNPATH_SEARCH_PATHS = "$(inherited) @executable_path/Frameworks";
				PRODUCT_BUNDLE_IDENTIFIER = com.hanlei.WaterWave;
				PRODUCT_NAME = "$(TARGET_NAME)";
			};
			name = Release;
		};
		E6309BAA1DDEEC41005D59FB /* Debug */ = {
			isa = XCBuildConfiguration;
			buildSettings = {
				BUNDLE_LOADER = "$(TEST_HOST)";
				INFOPLIST_FILE = WaterWaveTests/Info.plist;
				LD_RUNPATH_SEARCH_PATHS = "$(inherited) @executable_path/Frameworks @loader_path/Frameworks";
				PRODUCT_BUNDLE_IDENTIFIER = com.hanlei.WaterWaveTests;
				PRODUCT_NAME = "$(TARGET_NAME)";
				TEST_HOST = "$(BUILT_PRODUCTS_DIR)/WaterWave.app/WaterWave";
			};
			name = Debug;
		};
		E6309BAB1DDEEC41005D59FB /* Release */ = {
			isa = XCBuildConfiguration;
			buildSettings = {
				BUNDLE_LOADER = "$(TEST_HOST)";
				INFOPLIST_FILE = WaterWaveTests/Info.plist;
				LD_RUNPATH_SEARCH_PATHS = "$(inherited) @executable_path/Frameworks @loader_path/Frameworks";
				PRODUCT_BUNDLE_IDENTIFIER = com.hanlei.WaterWaveTests;
				PRODUCT_NAME = "$(TARGET_NAME)";
				TEST_HOST = "$(BUILT_PRODUCTS_DIR)/WaterWave.app/WaterWave";
			};
			name = Release;
		};
		E6309BAD1DDEEC41005D59FB /* Debug */ = {
			isa = XCBuildConfiguration;
			buildSettings = {
				INFOPLIST_FILE = WaterWaveUITests/Info.plist;
				LD_RUNPATH_SEARCH_PATHS = "$(inherited) @executable_path/Frameworks @loader_path/Frameworks";
				PRODUCT_BUNDLE_IDENTIFIER = com.hanlei.WaterWaveUITests;
				PRODUCT_NAME = "$(TARGET_NAME)";
				TEST_TARGET_NAME = WaterWave;
			};
			name = Debug;
		};
		E6309BAE1DDEEC41005D59FB /* Release */ = {
			isa = XCBuildConfiguration;
			buildSettings = {
				INFOPLIST_FILE = WaterWaveUITests/Info.plist;
				LD_RUNPATH_SEARCH_PATHS = "$(inherited) @executable_path/Frameworks @loader_path/Frameworks";
				PRODUCT_BUNDLE_IDENTIFIER = com.hanlei.WaterWaveUITests;
				PRODUCT_NAME = "$(TARGET_NAME)";
				TEST_TARGET_NAME = WaterWave;
			};
			name = Release;
		};
/* End XCBuildConfiguration section */

/* Begin XCConfigurationList section */
		E6309B741DDEEC41005D59FB /* Build configuration list for PBXProject "WaterWave" */ = {
			isa = XCConfigurationList;
			buildConfigurations = (
				E6309BA41DDEEC41005D59FB /* Debug */,
				E6309BA51DDEEC41005D59FB /* Release */,
			);
			defaultConfigurationIsVisible = 0;
			defaultConfigurationName = Release;
		};
		E6309BA61DDEEC41005D59FB /* Build configuration list for PBXNativeTarget "WaterWave" */ = {
			isa = XCConfigurationList;
			buildConfigurations = (
				E6309BA71DDEEC41005D59FB /* Debug */,
				E6309BA81DDEEC41005D59FB /* Release */,
			);
			defaultConfigurationIsVisible = 0;
			defaultConfigurationName = Release;
		};
		E6309BA91DDEEC41005D59FB /* Build configuration list for PBXNativeTarget "WaterWaveTests" */ = {
			isa = XCConfigurationList;
			buildConfigurations = (
				E6309BAA1DDEEC41005D59FB /* Debug */,
				E6309BAB1DDEEC41005D59FB /* Release */,
			);
			defaultConfigurationIsVisible = 0;
			defaultConfigurationName = Release;
		};
		E6309BAC1DDEEC41005D59FB /* Build configuration list for PBXNativeTarget "WaterWaveUITests" */ = {
			isa = XCConfigurationList;
			buildConfigurations = (
				E6309BAD1DDEEC41005D59FB /* Debug */,
				E6309BAE1DDEEC41005D59FB /* Release */,
			);
			defaultConfigurationIsVisible = 0;
			defaultConfigurationName = Release;
		};
/* End XCConfigurationList section */
	};
	rootObject = E6309B711DDEEC41005D59FB /* Project object */;
}
